{
  "name": "default-theme-and-custom",
  "lockfileVersion": 2,
  "requires": true,
  "packages": {
    "": {
      "devDependencies": {
        "vitepress-api-document-theme": "^0.0.1-rc.14"
      }
    },
    "node_modules/@babel/parser": {
      "version": "7.22.7",
      "resolved": "https://npm.logicspark.com/@babel%2fparser/-/parser-7.22.7.tgz",
      "integrity": "sha512-7NF8pOkHP5o2vpmGgNGcfAeCvOYhGLyA3Z4eBQkT1RJlWu47n63bCs93QfJ2hIAFCil7L5P2IWhs1oToVgrL0Q==",
      "dev": true,
      "license": "MIT",
      "bin": {
        "parser": "bin/babel-parser.js"
      },
      "engines": {
        "node": ">=6.0.0"
      }
    },
    "node_modules/@esbuild/android-arm": {
      "version": "0.18.16",
      "resolved": "https://npm.logicspark.com/@esbuild%2fandroid-arm/-/android-arm-0.18.16.tgz",
      "integrity": "sha512-gCHjjQmA8L0soklKbLKA6pgsLk1byULuHe94lkZDzcO3/Ta+bbeewJioEn1Fr7kgy9NWNFy/C+MrBwC6I/WCug==",
      "cpu": [
        "arm"
      ],
      "dev": true,
      "license": "MIT",
      "optional": true,
      "os": [
        "android"
      ],
      "peer": true,
      "engines": {
        "node": ">=12"
      }
    },
    "node_modules/@esbuild/android-arm64": {
      "version": "0.18.16",
      "resolved": "https://npm.logicspark.com/@esbuild%2fandroid-arm64/-/android-arm64-0.18.16.tgz",
      "integrity": "sha512-wsCqSPqLz+6Ov+OM4EthU43DyYVVyfn15S4j1bJzylDpc1r1jZFFfJQNfDuT8SlgwuqpmpJXK4uPlHGw6ve7eA==",
      "cpu": [
        "arm64"
      ],
      "dev": true,
      "license": "MIT",
      "optional": true,
      "os": [
        "android"
      ],
      "peer": true,
      "engines": {
        "node": ">=12"
      }
    },
    "node_modules/@esbuild/android-x64": {
      "version": "0.18.16",
      "resolved": "https://npm.logicspark.com/@esbuild%2fandroid-x64/-/android-x64-0.18.16.tgz",
      "integrity": "sha512-ldsTXolyA3eTQ1//4DS+E15xl0H/3DTRJaRL0/0PgkqDsI0fV/FlOtD+h0u/AUJr+eOTlZv4aC9gvfppo3C4sw==",
      "cpu": [
        "x64"
      ],
      "dev": true,
      "license": "MIT",
      "optional": true,
      "os": [
        "android"
      ],
      "peer": true,
      "engines": {
        "node": ">=12"
      }
    },
    "node_modules/@esbuild/darwin-arm64": {
      "version": "0.18.16",
      "resolved": "https://npm.logicspark.com/@esbuild%2fdarwin-arm64/-/darwin-arm64-0.18.16.tgz",
      "integrity": "sha512-aBxruWCII+OtluORR/KvisEw0ALuw/qDQWvkoosA+c/ngC/Kwk0lLaZ+B++LLS481/VdydB2u6tYpWxUfnLAIw==",
      "cpu": [
        "arm64"
      ],
      "dev": true,
      "license": "MIT",
      "optional": true,
      "os": [
        "darwin"
      ],
      "peer": true,
      "engines": {
        "node": ">=12"
      }
    },
    "node_modules/@esbuild/darwin-x64": {
      "version": "0.18.16",
      "resolved": "https://npm.logicspark.com/@esbuild%2fdarwin-x64/-/darwin-x64-0.18.16.tgz",
      "integrity": "sha512-6w4Dbue280+rp3LnkgmriS1icOUZDyPuZo/9VsuMUTns7SYEiOaJ7Ca1cbhu9KVObAWfmdjUl4gwy9TIgiO5eA==",
      "cpu": [
        "x64"
      ],
      "dev": true,
      "license": "MIT",
      "optional": true,
      "os": [
        "darwin"
      ],
      "peer": true,
      "engines": {
        "node": ">=12"
      }
    },
    "node_modules/@esbuild/freebsd-arm64": {
      "version": "0.18.16",
      "resolved": "https://npm.logicspark.com/@esbuild%2ffreebsd-arm64/-/freebsd-arm64-0.18.16.tgz",
      "integrity": "sha512-x35fCebhe9s979DGKbVAwXUOcTmCIE32AIqB9CB1GralMIvxdnMLAw5CnID17ipEw9/3MvDsusj/cspYt2ZLNQ==",
      "cpu": [
        "arm64"
      ],
      "dev": true,
      "license": "MIT",
      "optional": true,
      "os": [
        "freebsd"
      ],
      "peer": true,
      "engines": {
        "node": ">=12"
      }
    },
    "node_modules/@esbuild/freebsd-x64": {
      "version": "0.18.16",
      "resolved": "https://npm.logicspark.com/@esbuild%2ffreebsd-x64/-/freebsd-x64-0.18.16.tgz",
      "integrity": "sha512-YM98f+PeNXF3GbxIJlUsj+McUWG1irguBHkszCIwfr3BXtXZsXo0vqybjUDFfu9a8Wr7uUD/YSmHib+EeGAFlg==",
      "cpu": [
        "x64"
      ],
      "dev": true,
      "license": "MIT",
      "optional": true,
      "os": [
        "freebsd"
      ],
      "peer": true,
      "engines": {
        "node": ">=12"
      }
    },
    "node_modules/@esbuild/linux-arm": {
      "version": "0.18.16",
      "resolved": "https://npm.logicspark.com/@esbuild%2flinux-arm/-/linux-arm-0.18.16.tgz",
      "integrity": "sha512-b5ABb+5Ha2C9JkeZXV+b+OruR1tJ33ePmv9ZwMeETSEKlmu/WJ45XTTG+l6a2KDsQtJJ66qo/hbSGBtk0XVLHw==",
      "cpu": [
        "arm"
      ],
      "dev": true,
      "license": "MIT",
      "optional": true,
      "os": [
        "linux"
      ],
      "peer": true,
      "engines": {
        "node": ">=12"
      }
    },
    "node_modules/@esbuild/linux-arm64": {
      "version": "0.18.16",
      "resolved": "https://npm.logicspark.com/@esbuild%2flinux-arm64/-/linux-arm64-0.18.16.tgz",
      "integrity": "sha512-XIqhNUxJiuy+zsR77+H5Z2f7s4YRlriSJKtvx99nJuG5ATuJPjmZ9n0ANgnGlPCpXGSReFpgcJ7O3SMtzIFeiQ==",
      "cpu": [
        "arm64"
      ],
      "dev": true,
      "license": "MIT",
      "optional": true,
      "os": [
        "linux"
      ],
      "peer": true,
      "engines": {
        "node": ">=12"
      }
    },
    "node_modules/@esbuild/linux-ia32": {
      "version": "0.18.16",
      "resolved": "https://npm.logicspark.com/@esbuild%2flinux-ia32/-/linux-ia32-0.18.16.tgz",
      "integrity": "sha512-no+pfEpwnRvIyH+txbBAWtjxPU9grslmTBfsmDndj7bnBmr55rOo/PfQmRfz7Qg9isswt1FP5hBbWb23fRWnow==",
      "cpu": [
        "ia32"
      ],
      "dev": true,
      "license": "MIT",
      "optional": true,
      "os": [
        "linux"
      ],
      "peer": true,
      "engines": {
        "node": ">=12"
      }
    },
    "node_modules/@esbuild/linux-loong64": {
      "version": "0.18.16",
      "resolved": "https://npm.logicspark.com/@esbuild%2flinux-loong64/-/linux-loong64-0.18.16.tgz",
      "integrity": "sha512-Zbnczs9ZXjmo0oZSS0zbNlJbcwKXa/fcNhYQjahDs4Xg18UumpXG/lwM2lcSvHS3mTrRyCYZvJbmzYc4laRI1g==",
      "cpu": [
        "loong64"
      ],
      "dev": true,
      "license": "MIT",
      "optional": true,
      "os": [
        "linux"
      ],
      "peer": true,
      "engines": {
        "node": ">=12"
      }
    },
    "node_modules/@esbuild/linux-mips64el": {
      "version": "0.18.16",
      "resolved": "https://npm.logicspark.com/@esbuild%2flinux-mips64el/-/linux-mips64el-0.18.16.tgz",
      "integrity": "sha512-YMF7hih1HVR/hQVa/ot4UVffc5ZlrzEb3k2ip0nZr1w6fnYypll9td2qcoMLvd3o8j3y6EbJM3MyIcXIVzXvQQ==",
      "cpu": [
        "mips64el"
      ],
      "dev": true,
      "license": "MIT",
      "optional": true,
      "os": [
        "linux"
      ],
      "peer": true,
      "engines": {
        "node": ">=12"
      }
    },
    "node_modules/@esbuild/linux-ppc64": {
      "version": "0.18.16",
      "resolved": "https://npm.logicspark.com/@esbuild%2flinux-ppc64/-/linux-ppc64-0.18.16.tgz",
      "integrity": "sha512-Wkz++LZ29lDwUyTSEnzDaaP5OveOgTU69q9IyIw9WqLRxM4BjTBjz9un4G6TOvehWpf/J3gYVFN96TjGHrbcNQ==",
      "cpu": [
        "ppc64"
      ],
      "dev": true,
      "license": "MIT",
      "optional": true,
      "os": [
        "linux"
      ],
      "peer": true,
      "engines": {
        "node": ">=12"
      }
    },
    "node_modules/@esbuild/linux-riscv64": {
      "version": "0.18.16",
      "resolved": "https://npm.logicspark.com/@esbuild%2flinux-riscv64/-/linux-riscv64-0.18.16.tgz",
      "integrity": "sha512-LFMKZ30tk78/mUv1ygvIP+568bwf4oN6reG/uczXnz6SvFn4e2QUFpUpZY9iSJT6Qpgstrhef/nMykIXZtZWGQ==",
      "cpu": [
        "riscv64"
      ],
      "dev": true,
      "license": "MIT",
      "optional": true,
      "os": [
        "linux"
      ],
      "peer": true,
      "engines": {
        "node": ">=12"
      }
    },
    "node_modules/@esbuild/linux-s390x": {
      "version": "0.18.16",
      "resolved": "https://npm.logicspark.com/@esbuild%2flinux-s390x/-/linux-s390x-0.18.16.tgz",
      "integrity": "sha512-3ZC0BgyYHYKfZo3AV2/66TD/I9tlSBaW7eWTEIkrQQKfJIifKMMttXl9FrAg+UT0SGYsCRLI35Gwdmm96vlOjg==",
      "cpu": [
        "s390x"
      ],
      "dev": true,
      "license": "MIT",
      "optional": true,
      "os": [
        "linux"
      ],
      "peer": true,
      "engines": {
        "node": ">=12"
      }
    },
    "node_modules/@esbuild/linux-x64": {
      "version": "0.18.16",
      "resolved": "https://npm.logicspark.com/@esbuild%2flinux-x64/-/linux-x64-0.18.16.tgz",
      "integrity": "sha512-xu86B3647DihHJHv/wx3NCz2Dg1gjQ8bbf9cVYZzWKY+gsvxYmn/lnVlqDRazObc3UMwoHpUhNYaZset4X8IPA==",
      "cpu": [
        "x64"
      ],
      "dev": true,
      "license": "MIT",
      "optional": true,
      "os": [
        "linux"
      ],
      "peer": true,
      "engines": {
        "node": ">=12"
      }
    },
    "node_modules/@esbuild/netbsd-x64": {
      "version": "0.18.16",
      "resolved": "https://npm.logicspark.com/@esbuild%2fnetbsd-x64/-/netbsd-x64-0.18.16.tgz",
      "integrity": "sha512-uVAgpimx9Ffw3xowtg/7qQPwHFx94yCje+DoBx+LNm2ePDpQXHrzE+Sb0Si2VBObYz+LcRps15cq+95YM7gkUw==",
      "cpu": [
        "x64"
      ],
      "dev": true,
      "license": "MIT",
      "optional": true,
      "os": [
        "netbsd"
      ],
      "peer": true,
      "engines": {
        "node": ">=12"
      }
    },
    "node_modules/@esbuild/openbsd-x64": {
      "version": "0.18.16",
      "resolved": "https://npm.logicspark.com/@esbuild%2fopenbsd-x64/-/openbsd-x64-0.18.16.tgz",
      "integrity": "sha512-6OjCQM9wf7z8/MBi6BOWaTL2AS/SZudsZtBziXMtNI8r/U41AxS9x7jn0ATOwVy08OotwkPqGRMkpPR2wcTJXA==",
      "cpu": [
        "x64"
      ],
      "dev": true,
      "license": "MIT",
      "optional": true,
      "os": [
        "openbsd"
      ],
      "peer": true,
      "engines": {
        "node": ">=12"
      }
    },
    "node_modules/@esbuild/sunos-x64": {
      "version": "0.18.16",
      "resolved": "https://npm.logicspark.com/@esbuild%2fsunos-x64/-/sunos-x64-0.18.16.tgz",
      "integrity": "sha512-ZoNkruFYJp9d1LbUYCh8awgQDvB9uOMZqlQ+gGEZR7v6C+N6u7vPr86c+Chih8niBR81Q/bHOSKGBK3brJyvkQ==",
      "cpu": [
        "x64"
      ],
      "dev": true,
      "license": "MIT",
      "optional": true,
      "os": [
        "sunos"
      ],
      "peer": true,
      "engines": {
        "node": ">=12"
      }
    },
    "node_modules/@esbuild/win32-arm64": {
      "version": "0.18.16",
      "resolved": "https://npm.logicspark.com/@esbuild%2fwin32-arm64/-/win32-arm64-0.18.16.tgz",
      "integrity": "sha512-+j4anzQ9hrs+iqO+/wa8UE6TVkKua1pXUb0XWFOx0FiAj6R9INJ+WE//1/Xo6FG1vB5EpH3ko+XcgwiDXTxcdw==",
      "cpu": [
        "arm64"
      ],
      "dev": true,
      "license": "MIT",
      "optional": true,
      "os": [
        "win32"
      ],
      "peer": true,
      "engines": {
        "node": ">=12"
      }
    },
    "node_modules/@esbuild/win32-ia32": {
      "version": "0.18.16",
      "resolved": "https://npm.logicspark.com/@esbuild%2fwin32-ia32/-/win32-ia32-0.18.16.tgz",
      "integrity": "sha512-5PFPmq3sSKTp9cT9dzvI67WNfRZGvEVctcZa1KGjDDu4n3H8k59Inbk0du1fz0KrAbKKNpJbdFXQMDUz7BG4rQ==",
      "cpu": [
        "ia32"
      ],
      "dev": true,
      "license": "MIT",
      "optional": true,
      "os": [
        "win32"
      ],
      "peer": true,
      "engines": {
        "node": ">=12"
      }
    },
    "node_modules/@esbuild/win32-x64": {
      "version": "0.18.16",
      "resolved": "https://npm.logicspark.com/@esbuild%2fwin32-x64/-/win32-x64-0.18.16.tgz",
      "integrity": "sha512-sCIVrrtcWN5Ua7jYXNG1xD199IalrbfV2+0k/2Zf2OyV2FtnQnMgdzgpRAbi4AWlKJj1jkX+M+fEGPQj6BQB4w==",
      "cpu": [
        "x64"
      ],
      "dev": true,
      "license": "MIT",
      "optional": true,
      "os": [
        "win32"
      ],
      "peer": true,
      "engines": {
        "node": ">=12"
      }
    },
    "node_modules/@jridgewell/sourcemap-codec": {
      "version": "1.4.15",
      "resolved": "https://npm.logicspark.com/@jridgewell%2fsourcemap-codec/-/sourcemap-codec-1.4.15.tgz",
      "integrity": "sha512-eF2rxCRulEKXHTRiDrDy6erMYWqNw4LPdQ8UQA4huuxaQsVeRPFl2oM8oDGxMFhJUWZf9McpLtJasDDZb/Bpeg==",
      "dev": true,
      "license": "MIT"
    },
    "node_modules/@vue/compiler-core": {
      "version": "3.3.4",
      "resolved": "https://npm.logicspark.com/@vue%2fcompiler-core/-/compiler-core-3.3.4.tgz",
      "integrity": "sha512-cquyDNvZ6jTbf/+x+AgM2Arrp6G4Dzbb0R64jiG804HRMfRiFXWI6kqUVqZ6ZR0bQhIoQjB4+2bhNtVwndW15g==",
      "dev": true,
      "license": "MIT",
      "dependencies": {
        "@babel/parser": "^7.21.3",
        "@vue/shared": "3.3.4",
        "estree-walker": "^2.0.2",
        "source-map-js": "^1.0.2"
      }
    },
    "node_modules/@vue/compiler-dom": {
      "version": "3.3.4",
      "resolved": "https://npm.logicspark.com/@vue%2fcompiler-dom/-/compiler-dom-3.3.4.tgz",
      "integrity": "sha512-wyM+OjOVpuUukIq6p5+nwHYtj9cFroz9cwkfmP9O1nzH68BenTTv0u7/ndggT8cIQlnBeOo6sUT/gvHcIkLA5w==",
      "dev": true,
      "license": "MIT",
      "dependencies": {
        "@vue/compiler-core": "3.3.4",
        "@vue/shared": "3.3.4"
      }
    },
    "node_modules/@vue/compiler-sfc": {
      "version": "3.3.4",
      "resolved": "https://npm.logicspark.com/@vue%2fcompiler-sfc/-/compiler-sfc-3.3.4.tgz",
      "integrity": "sha512-6y/d8uw+5TkCuzBkgLS0v3lSM3hJDntFEiUORM11pQ/hKvkhSKZrXW6i69UyXlJQisJxuUEJKAWEqWbWsLeNKQ==",
      "dev": true,
      "license": "MIT",
      "dependencies": {
        "@babel/parser": "^7.20.15",
        "@vue/compiler-core": "3.3.4",
        "@vue/compiler-dom": "3.3.4",
        "@vue/compiler-ssr": "3.3.4",
        "@vue/reactivity-transform": "3.3.4",
        "@vue/shared": "3.3.4",
        "estree-walker": "^2.0.2",
        "magic-string": "^0.30.0",
        "postcss": "^8.1.10",
        "source-map-js": "^1.0.2"
      }
    },
    "node_modules/@vue/compiler-ssr": {
      "version": "3.3.4",
      "resolved": "https://npm.logicspark.com/@vue%2fcompiler-ssr/-/compiler-ssr-3.3.4.tgz",
      "integrity": "sha512-m0v6oKpup2nMSehwA6Uuu+j+wEwcy7QmwMkVNVfrV9P2qE5KshC6RwOCq8fjGS/Eak/uNb8AaWekfiXxbBB6gQ==",
      "dev": true,
      "license": "MIT",
      "dependencies": {
        "@vue/compiler-dom": "3.3.4",
        "@vue/shared": "3.3.4"
      }
    },
    "node_modules/@vue/reactivity": {
      "version": "3.3.4",
      "resolved": "https://npm.logicspark.com/@vue%2freactivity/-/reactivity-3.3.4.tgz",
      "integrity": "sha512-kLTDLwd0B1jG08NBF3R5rqULtv/f8x3rOFByTDz4J53ttIQEDmALqKqXY0J+XQeN0aV2FBxY8nJDf88yvOPAqQ==",
      "dev": true,
      "license": "MIT",
      "dependencies": {
        "@vue/shared": "3.3.4"
      }
    },
    "node_modules/@vue/reactivity-transform": {
      "version": "3.3.4",
      "resolved": "https://npm.logicspark.com/@vue%2freactivity-transform/-/reactivity-transform-3.3.4.tgz",
      "integrity": "sha512-MXgwjako4nu5WFLAjpBnCj/ieqcjE2aJBINUNQzkZQfzIZA4xn+0fV1tIYBJvvva3N3OvKGofRLvQIwEQPpaXw==",
      "dev": true,
      "license": "MIT",
      "dependencies": {
        "@babel/parser": "^7.20.15",
        "@vue/compiler-core": "3.3.4",
        "@vue/shared": "3.3.4",
        "estree-walker": "^2.0.2",
        "magic-string": "^0.30.0"
      }
    },
    "node_modules/@vue/runtime-core": {
      "version": "3.3.4",
      "resolved": "https://npm.logicspark.com/@vue%2fruntime-core/-/runtime-core-3.3.4.tgz",
      "integrity": "sha512-R+bqxMN6pWO7zGI4OMlmvePOdP2c93GsHFM/siJI7O2nxFRzj55pLwkpCedEY+bTMgp5miZ8CxfIZo3S+gFqvA==",
      "dev": true,
      "license": "MIT",
      "dependencies": {
        "@vue/reactivity": "3.3.4",
        "@vue/shared": "3.3.4"
      }
    },
    "node_modules/@vue/runtime-dom": {
      "version": "3.3.4",
      "resolved": "https://npm.logicspark.com/@vue%2fruntime-dom/-/runtime-dom-3.3.4.tgz",
      "integrity": "sha512-Aj5bTJ3u5sFsUckRghsNjVTtxZQ1OyMWCr5dZRAPijF/0Vy4xEoRCwLyHXcj4D0UFbJ4lbx3gPTgg06K/GnPnQ==",
      "dev": true,
      "license": "MIT",
      "dependencies": {
        "@vue/runtime-core": "3.3.4",
        "@vue/shared": "3.3.4",
        "csstype": "^3.1.1"
      }
    },
    "node_modules/@vue/server-renderer": {
      "version": "3.3.4",
      "resolved": "https://npm.logicspark.com/@vue%2fserver-renderer/-/server-renderer-3.3.4.tgz",
      "integrity": "sha512-Q6jDDzR23ViIb67v+vM1Dqntu+HUexQcsWKhhQa4ARVzxOY2HbC7QRW/ggkDBd5BU+uM1sV6XOAP0b216o34JQ==",
      "dev": true,
      "license": "MIT",
      "dependencies": {
        "@vue/compiler-ssr": "3.3.4",
        "@vue/shared": "3.3.4"
      },
      "peerDependencies": {
        "vue": "3.3.4"
      }
    },
    "node_modules/@vue/shared": {
      "version": "3.3.4",
      "resolved": "https://npm.logicspark.com/@vue%2fshared/-/shared-3.3.4.tgz",
      "integrity": "sha512-7OjdcV8vQ74eiz1TZLzZP4JwqM5fA94K6yntPS5Z25r9HDuGNzaGdgvwKYq6S+MxwF0TFRwe50fIR/MYnakdkQ==",
      "dev": true,
      "license": "MIT"
    },
    "node_modules/csstype": {
      "version": "3.1.2",
      "resolved": "https://npm.logicspark.com/csstype/-/csstype-3.1.2.tgz",
      "integrity": "sha512-I7K1Uu0MBPzaFKg4nI5Q7Vs2t+3gWWW648spaF+Rg7pI9ds18Ugn+lvg4SHczUdKlHI5LWBXyqfS8+DufyBsgQ==",
      "dev": true,
      "license": "MIT"
    },
    "node_modules/esbuild": {
      "version": "0.18.16",
      "resolved": "https://npm.logicspark.com/esbuild/-/esbuild-0.18.16.tgz",
      "integrity": "sha512-1xLsOXrDqwdHxyXb/x/SOyg59jpf/SH7YMvU5RNSU7z3TInaASNJWNFJ6iRvLvLETZMasF3d1DdZLg7sgRimRQ==",
      "dev": true,
      "hasInstallScript": true,
      "license": "MIT",
      "peer": true,
      "bin": {
        "esbuild": "bin/esbuild"
      },
      "engines": {
        "node": ">=12"
      },
      "optionalDependencies": {
        "@esbuild/android-arm": "0.18.16",
        "@esbuild/android-arm64": "0.18.16",
        "@esbuild/android-x64": "0.18.16",
        "@esbuild/darwin-arm64": "0.18.16",
        "@esbuild/darwin-x64": "0.18.16",
        "@esbuild/freebsd-arm64": "0.18.16",
        "@esbuild/freebsd-x64": "0.18.16",
        "@esbuild/linux-arm": "0.18.16",
        "@esbuild/linux-arm64": "0.18.16",
        "@esbuild/linux-ia32": "0.18.16",
        "@esbuild/linux-loong64": "0.18.16",
        "@esbuild/linux-mips64el": "0.18.16",
        "@esbuild/linux-ppc64": "0.18.16",
        "@esbuild/linux-riscv64": "0.18.16",
        "@esbuild/linux-s390x": "0.18.16",
        "@esbuild/linux-x64": "0.18.16",
        "@esbuild/netbsd-x64": "0.18.16",
        "@esbuild/openbsd-x64": "0.18.16",
        "@esbuild/sunos-x64": "0.18.16",
        "@esbuild/win32-arm64": "0.18.16",
        "@esbuild/win32-ia32": "0.18.16",
        "@esbuild/win32-x64": "0.18.16"
      }
    },
    "node_modules/estree-walker": {
      "version": "2.0.2",
      "resolved": "https://npm.logicspark.com/estree-walker/-/estree-walker-2.0.2.tgz",
      "integrity": "sha512-Rfkk/Mp/DL7JVje3u18FxFujQlTNR2q6QfMSMB7AvCBx91NGj/ba3kCfza0f6dVDbw7YlRf/nDrn7pQrCCyQ/w==",
      "dev": true,
      "license": "MIT"
    },
    "node_modules/fsevents": {
      "version": "2.3.2",
      "resolved": "https://npm.logicspark.com/fsevents/-/fsevents-2.3.2.tgz",
      "integrity": "sha512-xiqMQR4xAeHTuB9uWm+fFRcIOgKBMiOBP+eXiyT7jsgVCq1bkVygt00oASowB7EdtpOHaaPgKt812P9ab+DDKA==",
      "dev": true,
      "hasInstallScript": true,
      "license": "MIT",
      "optional": true,
      "os": [
        "darwin"
      ],
      "peer": true,
      "engines": {
        "node": "^8.16.0 || ^10.6.0 || >=11.0.0"
      }
    },
    "node_modules/magic-string": {
      "version": "0.30.1",
      "resolved": "https://npm.logicspark.com/magic-string/-/magic-string-0.30.1.tgz",
      "integrity": "sha512-mbVKXPmS0z0G4XqFDCTllmDQ6coZzn94aMlb0o/A4HEHJCKcanlDZwYJgwnkmgD3jyWhUgj9VsPrfd972yPffA==",
      "dev": true,
      "license": "MIT",
      "dependencies": {
        "@jridgewell/sourcemap-codec": "^1.4.15"
      },
      "engines": {
        "node": ">=12"
      }
    },
    "node_modules/nanoid": {
      "version": "3.3.6",
      "resolved": "https://npm.logicspark.com/nanoid/-/nanoid-3.3.6.tgz",
      "integrity": "sha512-BGcqMMJuToF7i1rt+2PWSNVnWIkGCU78jBG3RxO/bZlnZPK2Cmi2QaffxGO/2RvWi9sL+FAiRiXMgsyxQ1DIDA==",
      "dev": true,
      "funding": [
        {
          "type": "github",
          "url": "https://github.com/sponsors/ai"
        }
      ],
      "license": "MIT",
      "bin": {
        "nanoid": "bin/nanoid.cjs"
      },
      "engines": {
        "node": "^10 || ^12 || ^13.7 || ^14 || >=15.0.1"
      }
    },
    "node_modules/picocolors": {
      "version": "1.0.0",
      "resolved": "https://npm.logicspark.com/picocolors/-/picocolors-1.0.0.tgz",
      "integrity": "sha512-1fygroTLlHu66zi26VoTDv8yRgm0Fccecssto+MhsZ0D/DGW2sm8E8AjW7NU5VVTRt5GxbeZ5qBuJr+HyLYkjQ==",
      "dev": true,
      "license": "ISC"
    },
    "node_modules/postcss": {
      "version": "8.4.27",
      "resolved": "https://npm.logicspark.com/postcss/-/postcss-8.4.27.tgz",
      "integrity": "sha512-gY/ACJtJPSmUFPDCHtX78+01fHa64FaU4zaaWfuh1MhGJISufJAH4cun6k/8fwsHYeK4UQmENQK+tRLCFJE8JQ==",
      "dev": true,
      "funding": [
        {
          "type": "opencollective",
          "url": "https://opencollective.com/postcss/"
        },
        {
          "type": "tidelift",
          "url": "https://tidelift.com/funding/github/npm/postcss"
        },
        {
          "type": "github",
          "url": "https://github.com/sponsors/ai"
        }
      ],
      "license": "MIT",
      "dependencies": {
        "nanoid": "^3.3.6",
        "picocolors": "^1.0.0",
        "source-map-js": "^1.0.2"
      },
      "engines": {
        "node": "^10 || ^12 || >=14"
      }
    },
    "node_modules/rollup": {
      "version": "3.26.3",
      "resolved": "https://npm.logicspark.com/rollup/-/rollup-3.26.3.tgz",
      "integrity": "sha512-7Tin0C8l86TkpcMtXvQu6saWH93nhG3dGQ1/+l5V2TDMceTxO7kDiK6GzbfLWNNxqJXm591PcEZUozZm51ogwQ==",
      "dev": true,
      "license": "MIT",
      "peer": true,
      "bin": {
        "rollup": "dist/bin/rollup"
      },
      "engines": {
        "node": ">=14.18.0",
        "npm": ">=8.0.0"
      },
      "optionalDependencies": {
        "fsevents": "~2.3.2"
      }
    },
    "node_modules/source-map-js": {
      "version": "1.0.2",
      "resolved": "https://npm.logicspark.com/source-map-js/-/source-map-js-1.0.2.tgz",
      "integrity": "sha512-R0XvVJ9WusLiqTCEiGCmICCMplcCkIwwR11mOSD9CR5u+IXYdiseeEuXCVAjS54zqwkLcPNnmU4OeJ6tUrWhDw==",
      "dev": true,
      "license": "BSD-3-Clause",
      "engines": {
        "node": ">=0.10.0"
      }
    },
    "node_modules/vite": {
      "version": "4.4.6",
      "resolved": "https://npm.logicspark.com/vite/-/vite-4.4.6.tgz",
      "integrity": "sha512-EY6Mm8vJ++S3D4tNAckaZfw3JwG3wa794Vt70M6cNJ6NxT87yhq7EC8Rcap3ahyHdo8AhCmV9PTk+vG1HiYn1A==",
      "dev": true,
      "license": "MIT",
      "peer": true,
      "dependencies": {
        "esbuild": "^0.18.10",
        "postcss": "^8.4.26",
        "rollup": "^3.25.2"
      },
      "bin": {
        "vite": "bin/vite.js"
      },
      "engines": {
        "node": "^14.18.0 || >=16.0.0"
      },
      "funding": {
        "url": "https://github.com/vitejs/vite?sponsor=1"
      },
      "optionalDependencies": {
        "fsevents": "~2.3.2"
      },
      "peerDependencies": {
        "@types/node": ">= 14",
        "less": "*",
        "lightningcss": "^1.21.0",
        "sass": "*",
        "stylus": "*",
        "sugarss": "*",
        "terser": "^5.4.0"
      },
      "peerDependenciesMeta": {
        "@types/node": {
          "optional": true
        },
        "less": {
          "optional": true
        },
        "lightningcss": {
          "optional": true
        },
        "sass": {
          "optional": true
        },
        "stylus": {
          "optional": true
        },
        "sugarss": {
          "optional": true
        },
        "terser": {
          "optional": true
        }
      }
    },
    "node_modules/vite-plugin-css-injected-by-js": {
      "version": "3.2.1",
      "resolved": "https://npm.logicspark.com/vite-plugin-css-injected-by-js/-/vite-plugin-css-injected-by-js-3.2.1.tgz",
      "integrity": "sha512-8UQWy7tcmgwkaUKYfbj/8GOeAD0RPG2tdetAGg7WikWC8IEtNrovs8RRuLjFqdRqORT1XxchBB5tPl6xO/H95g==",
      "dev": true,
      "license": "MIT",
      "peerDependencies": {
        "vite": ">2.0.0-0"
      }
    },
    "node_modules/vitepress-api-document-theme": {
      "version": "0.0.1-rc.14",
      "resolved": "https://npm.logicspark.com/vitepress-api-document-theme/-/vitepress-api-document-theme-0.0.1-rc.14.tgz",
      "integrity": "sha512-ZTgSzBeRZWUSAo9bPfvLYPLkz2NSlWfEFJ95o7hC+lg4q0FXY5OAbVUZUkh8pasuJdXzkwf3X0Fjas2LiFkHog==",
      "dev": true,
      "license": "MIT",
      "dependencies": {
        "vite-plugin-css-injected-by-js": "^3.1.0",
        "vue": "^3.2.47"
      },
      "engines": {
        "node": ">=18 <19"
      }
    },
    "node_modules/vue": {
      "version": "3.3.4",
      "resolved": "https://npm.logicspark.com/vue/-/vue-3.3.4.tgz",
      "integrity": "sha512-VTyEYn3yvIeY1Py0WaYGZsXnz3y5UnGi62GjVEqvEGPl6nxbOrCXbVOTQWBEJUqAyTUk2uJ5JLVnYJ6ZzGbrSw==",
      "dev": true,
      "license": "MIT",
      "dependencies": {
        "@vue/compiler-dom": "3.3.4",
        "@vue/compiler-sfc": "3.3.4",
        "@vue/runtime-dom": "3.3.4",
        "@vue/server-renderer": "3.3.4",
        "@vue/shared": "3.3.4"
      }
    }
  },
  "dependencies": {
    "@babel/parser": {
      "version": "7.22.7",
      "resolved": "https://npm.logicspark.com/@babel%2fparser/-/parser-7.22.7.tgz",
      "integrity": "sha512-7NF8pOkHP5o2vpmGgNGcfAeCvOYhGLyA3Z4eBQkT1RJlWu47n63bCs93QfJ2hIAFCil7L5P2IWhs1oToVgrL0Q==",
      "dev": true
    },
    "@esbuild/android-arm": {
      "version": "0.18.16",
      "resolved": "https://npm.logicspark.com/@esbuild%2fandroid-arm/-/android-arm-0.18.16.tgz",
      "integrity": "sha512-gCHjjQmA8L0soklKbLKA6pgsLk1byULuHe94lkZDzcO3/Ta+bbeewJioEn1Fr7kgy9NWNFy/C+MrBwC6I/WCug==",
      "dev": true,
      "optional": true,
      "peer": true
    },
    "@esbuild/android-arm64": {
      "version": "0.18.16",
      "resolved": "https://npm.logicspark.com/@esbuild%2fandroid-arm64/-/android-arm64-0.18.16.tgz",
      "integrity": "sha512-wsCqSPqLz+6Ov+OM4EthU43DyYVVyfn15S4j1bJzylDpc1r1jZFFfJQNfDuT8SlgwuqpmpJXK4uPlHGw6ve7eA==",
      "dev": true,
      "optional": true,
      "peer": true
    },
    "@esbuild/android-x64": {
      "version": "0.18.16",
      "resolved": "https://npm.logicspark.com/@esbuild%2fandroid-x64/-/android-x64-0.18.16.tgz",
      "integrity": "sha512-ldsTXolyA3eTQ1//4DS+E15xl0H/3DTRJaRL0/0PgkqDsI0fV/FlOtD+h0u/AUJr+eOTlZv4aC9gvfppo3C4sw==",
      "dev": true,
      "optional": true,
      "peer": true
    },
    "@esbuild/darwin-arm64": {
      "version": "0.18.16",
      "resolved": "https://npm.logicspark.com/@esbuild%2fdarwin-arm64/-/darwin-arm64-0.18.16.tgz",
      "integrity": "sha512-aBxruWCII+OtluORR/KvisEw0ALuw/qDQWvkoosA+c/ngC/Kwk0lLaZ+B++LLS481/VdydB2u6tYpWxUfnLAIw==",
      "dev": true,
      "optional": true,
      "peer": true
    },
    "@esbuild/darwin-x64": {
      "version": "0.18.16",
      "resolved": "https://npm.logicspark.com/@esbuild%2fdarwin-x64/-/darwin-x64-0.18.16.tgz",
      "integrity": "sha512-6w4Dbue280+rp3LnkgmriS1icOUZDyPuZo/9VsuMUTns7SYEiOaJ7Ca1cbhu9KVObAWfmdjUl4gwy9TIgiO5eA==",
      "dev": true,
      "optional": true,
      "peer": true
    },
    "@esbuild/freebsd-arm64": {
      "version": "0.18.16",
      "resolved": "https://npm.logicspark.com/@esbuild%2ffreebsd-arm64/-/freebsd-arm64-0.18.16.tgz",
      "integrity": "sha512-x35fCebhe9s979DGKbVAwXUOcTmCIE32AIqB9CB1GralMIvxdnMLAw5CnID17ipEw9/3MvDsusj/cspYt2ZLNQ==",
      "dev": true,
      "optional": true,
      "peer": true
    },
    "@esbuild/freebsd-x64": {
      "version": "0.18.16",
      "resolved": "https://npm.logicspark.com/@esbuild%2ffreebsd-x64/-/freebsd-x64-0.18.16.tgz",
      "integrity": "sha512-YM98f+PeNXF3GbxIJlUsj+McUWG1irguBHkszCIwfr3BXtXZsXo0vqybjUDFfu9a8Wr7uUD/YSmHib+EeGAFlg==",
      "dev": true,
      "optional": true,
      "peer": true
    },
    "@esbuild/linux-arm": {
      "version": "0.18.16",
      "resolved": "https://npm.logicspark.com/@esbuild%2flinux-arm/-/linux-arm-0.18.16.tgz",
      "integrity": "sha512-b5ABb+5Ha2C9JkeZXV+b+OruR1tJ33ePmv9ZwMeETSEKlmu/WJ45XTTG+l6a2KDsQtJJ66qo/hbSGBtk0XVLHw==",
      "dev": true,
      "optional": true,
      "peer": true
    },
    "@esbuild/linux-arm64": {
      "version": "0.18.16",
      "resolved": "https://npm.logicspark.com/@esbuild%2flinux-arm64/-/linux-arm64-0.18.16.tgz",
      "integrity": "sha512-XIqhNUxJiuy+zsR77+H5Z2f7s4YRlriSJKtvx99nJuG5ATuJPjmZ9n0ANgnGlPCpXGSReFpgcJ7O3SMtzIFeiQ==",
      "dev": true,
      "optional": true,
      "peer": true
    },
    "@esbuild/linux-ia32": {
      "version": "0.18.16",
      "resolved": "https://npm.logicspark.com/@esbuild%2flinux-ia32/-/linux-ia32-0.18.16.tgz",
      "integrity": "sha512-no+pfEpwnRvIyH+txbBAWtjxPU9grslmTBfsmDndj7bnBmr55rOo/PfQmRfz7Qg9isswt1FP5hBbWb23fRWnow==",
      "dev": true,
      "optional": true,
      "peer": true
    },
    "@esbuild/linux-loong64": {
      "version": "0.18.16",
      "resolved": "https://npm.logicspark.com/@esbuild%2flinux-loong64/-/linux-loong64-0.18.16.tgz",
      "integrity": "sha512-Zbnczs9ZXjmo0oZSS0zbNlJbcwKXa/fcNhYQjahDs4Xg18UumpXG/lwM2lcSvHS3mTrRyCYZvJbmzYc4laRI1g==",
      "dev": true,
      "optional": true,
      "peer": true
    },
    "@esbuild/linux-mips64el": {
      "version": "0.18.16",
      "resolved": "https://npm.logicspark.com/@esbuild%2flinux-mips64el/-/linux-mips64el-0.18.16.tgz",
      "integrity": "sha512-YMF7hih1HVR/hQVa/ot4UVffc5ZlrzEb3k2ip0nZr1w6fnYypll9td2qcoMLvd3o8j3y6EbJM3MyIcXIVzXvQQ==",
      "dev": true,
      "optional": true,
      "peer": true
    },
    "@esbuild/linux-ppc64": {
      "version": "0.18.16",
      "resolved": "https://npm.logicspark.com/@esbuild%2flinux-ppc64/-/linux-ppc64-0.18.16.tgz",
      "integrity": "sha512-Wkz++LZ29lDwUyTSEnzDaaP5OveOgTU69q9IyIw9WqLRxM4BjTBjz9un4G6TOvehWpf/J3gYVFN96TjGHrbcNQ==",
      "dev": true,
      "optional": true,
      "peer": true
    },
    "@esbuild/linux-riscv64": {
      "version": "0.18.16",
      "resolved": "https://npm.logicspark.com/@esbuild%2flinux-riscv64/-/linux-riscv64-0.18.16.tgz",
      "integrity": "sha512-LFMKZ30tk78/mUv1ygvIP+568bwf4oN6reG/uczXnz6SvFn4e2QUFpUpZY9iSJT6Qpgstrhef/nMykIXZtZWGQ==",
      "dev": true,
      "optional": true,
      "peer": true
    },
    "@esbuild/linux-s390x": {
      "version": "0.18.16",
      "resolved": "https://npm.logicspark.com/@esbuild%2flinux-s390x/-/linux-s390x-0.18.16.tgz",
      "integrity": "sha512-3ZC0BgyYHYKfZo3AV2/66TD/I9tlSBaW7eWTEIkrQQKfJIifKMMttXl9FrAg+UT0SGYsCRLI35Gwdmm96vlOjg==",
      "dev": true,
      "optional": true,
      "peer": true
    },
    "@esbuild/linux-x64": {
      "version": "0.18.16",
      "resolved": "https://npm.logicspark.com/@esbuild%2flinux-x64/-/linux-x64-0.18.16.tgz",
      "integrity": "sha512-xu86B3647DihHJHv/wx3NCz2Dg1gjQ8bbf9cVYZzWKY+gsvxYmn/lnVlqDRazObc3UMwoHpUhNYaZset4X8IPA==",
      "dev": true,
      "optional": true,
      "peer": true
    },
    "@esbuild/netbsd-x64": {
      "version": "0.18.16",
      "resolved": "https://npm.logicspark.com/@esbuild%2fnetbsd-x64/-/netbsd-x64-0.18.16.tgz",
      "integrity": "sha512-uVAgpimx9Ffw3xowtg/7qQPwHFx94yCje+DoBx+LNm2ePDpQXHrzE+Sb0Si2VBObYz+LcRps15cq+95YM7gkUw==",
      "dev": true,
      "optional": true,
      "peer": true
    },
    "@esbuild/openbsd-x64": {
      "version": "0.18.16",
      "resolved": "https://npm.logicspark.com/@esbuild%2fopenbsd-x64/-/openbsd-x64-0.18.16.tgz",
      "integrity": "sha512-6OjCQM9wf7z8/MBi6BOWaTL2AS/SZudsZtBziXMtNI8r/U41AxS9x7jn0ATOwVy08OotwkPqGRMkpPR2wcTJXA==",
      "dev": true,
      "optional": true,
      "peer": true
    },
    "@esbuild/sunos-x64": {
      "version": "0.18.16",
      "resolved": "https://npm.logicspark.com/@esbuild%2fsunos-x64/-/sunos-x64-0.18.16.tgz",
      "integrity": "sha512-ZoNkruFYJp9d1LbUYCh8awgQDvB9uOMZqlQ+gGEZR7v6C+N6u7vPr86c+Chih8niBR81Q/bHOSKGBK3brJyvkQ==",
      "dev": true,
      "optional": true,
      "peer": true
    },
    "@esbuild/win32-arm64": {
      "version": "0.18.16",
      "resolved": "https://npm.logicspark.com/@esbuild%2fwin32-arm64/-/win32-arm64-0.18.16.tgz",
      "integrity": "sha512-+j4anzQ9hrs+iqO+/wa8UE6TVkKua1pXUb0XWFOx0FiAj6R9INJ+WE//1/Xo6FG1vB5EpH3ko+XcgwiDXTxcdw==",
      "dev": true,
      "optional": true,
      "peer": true
    },
    "@esbuild/win32-ia32": {
      "version": "0.18.16",
      "resolved": "https://npm.logicspark.com/@esbuild%2fwin32-ia32/-/win32-ia32-0.18.16.tgz",
      "integrity": "sha512-5PFPmq3sSKTp9cT9dzvI67WNfRZGvEVctcZa1KGjDDu4n3H8k59Inbk0du1fz0KrAbKKNpJbdFXQMDUz7BG4rQ==",
      "dev": true,
      "optional": true,
      "peer": true
    },
    "@esbuild/win32-x64": {
      "version": "0.18.16",
      "resolved": "https://npm.logicspark.com/@esbuild%2fwin32-x64/-/win32-x64-0.18.16.tgz",
      "integrity": "sha512-sCIVrrtcWN5Ua7jYXNG1xD199IalrbfV2+0k/2Zf2OyV2FtnQnMgdzgpRAbi4AWlKJj1jkX+M+fEGPQj6BQB4w==",
      "dev": true,
      "optional": true,
      "peer": true
    },
    "@jridgewell/sourcemap-codec": {
      "version": "1.4.15",
      "resolved": "https://npm.logicspark.com/@jridgewell%2fsourcemap-codec/-/sourcemap-codec-1.4.15.tgz",
      "integrity": "sha512-eF2rxCRulEKXHTRiDrDy6erMYWqNw4LPdQ8UQA4huuxaQsVeRPFl2oM8oDGxMFhJUWZf9McpLtJasDDZb/Bpeg==",
      "dev": true
    },
    "@vue/compiler-core": {
      "version": "3.3.4",
      "resolved": "https://npm.logicspark.com/@vue%2fcompiler-core/-/compiler-core-3.3.4.tgz",
      "integrity": "sha512-cquyDNvZ6jTbf/+x+AgM2Arrp6G4Dzbb0R64jiG804HRMfRiFXWI6kqUVqZ6ZR0bQhIoQjB4+2bhNtVwndW15g==",
      "dev": true,
      "requires": {
        "@babel/parser": "^7.21.3",
        "@vue/shared": "3.3.4",
        "estree-walker": "^2.0.2",
        "source-map-js": "^1.0.2"
      }
    },
    "@vue/compiler-dom": {
      "version": "3.3.4",
      "resolved": "https://npm.logicspark.com/@vue%2fcompiler-dom/-/compiler-dom-3.3.4.tgz",
      "integrity": "sha512-wyM+OjOVpuUukIq6p5+nwHYtj9cFroz9cwkfmP9O1nzH68BenTTv0u7/ndggT8cIQlnBeOo6sUT/gvHcIkLA5w==",
      "dev": true,
      "requires": {
        "@vue/compiler-core": "3.3.4",
        "@vue/shared": "3.3.4"
      }
    },
    "@vue/compiler-sfc": {
      "version": "3.3.4",
      "resolved": "https://npm.logicspark.com/@vue%2fcompiler-sfc/-/compiler-sfc-3.3.4.tgz",
      "integrity": "sha512-6y/d8uw+5TkCuzBkgLS0v3lSM3hJDntFEiUORM11pQ/hKvkhSKZrXW6i69UyXlJQisJxuUEJKAWEqWbWsLeNKQ==",
      "dev": true,
      "requires": {
        "@babel/parser": "^7.20.15",
        "@vue/compiler-core": "3.3.4",
        "@vue/compiler-dom": "3.3.4",
        "@vue/compiler-ssr": "3.3.4",
        "@vue/reactivity-transform": "3.3.4",
        "@vue/shared": "3.3.4",
        "estree-walker": "^2.0.2",
        "magic-string": "^0.30.0",
        "postcss": "^8.1.10",
        "source-map-js": "^1.0.2"
      }
    },
    "@vue/compiler-ssr": {
      "version": "3.3.4",
      "resolved": "https://npm.logicspark.com/@vue%2fcompiler-ssr/-/compiler-ssr-3.3.4.tgz",
      "integrity": "sha512-m0v6oKpup2nMSehwA6Uuu+j+wEwcy7QmwMkVNVfrV9P2qE5KshC6RwOCq8fjGS/Eak/uNb8AaWekfiXxbBB6gQ==",
      "dev": true,
      "requires": {
        "@vue/compiler-dom": "3.3.4",
        "@vue/shared": "3.3.4"
      }
    },
    "@vue/reactivity": {
      "version": "3.3.4",
      "resolved": "https://npm.logicspark.com/@vue%2freactivity/-/reactivity-3.3.4.tgz",
      "integrity": "sha512-kLTDLwd0B1jG08NBF3R5rqULtv/f8x3rOFByTDz4J53ttIQEDmALqKqXY0J+XQeN0aV2FBxY8nJDf88yvOPAqQ==",
      "dev": true,
      "requires": {
        "@vue/shared": "3.3.4"
      }
    },
    "@vue/reactivity-transform": {
      "version": "3.3.4",
      "resolved": "https://npm.logicspark.com/@vue%2freactivity-transform/-/reactivity-transform-3.3.4.tgz",
      "integrity": "sha512-MXgwjako4nu5WFLAjpBnCj/ieqcjE2aJBINUNQzkZQfzIZA4xn+0fV1tIYBJvvva3N3OvKGofRLvQIwEQPpaXw==",
      "dev": true,
      "requires": {
        "@babel/parser": "^7.20.15",
        "@vue/compiler-core": "3.3.4",
        "@vue/shared": "3.3.4",
        "estree-walker": "^2.0.2",
        "magic-string": "^0.30.0"
      }
    },
    "@vue/runtime-core": {
      "version": "3.3.4",
      "resolved": "https://npm.logicspark.com/@vue%2fruntime-core/-/runtime-core-3.3.4.tgz",
      "integrity": "sha512-R+bqxMN6pWO7zGI4OMlmvePOdP2c93GsHFM/siJI7O2nxFRzj55pLwkpCedEY+bTMgp5miZ8CxfIZo3S+gFqvA==",
      "dev": true,
      "requires": {
        "@vue/reactivity": "3.3.4",
        "@vue/shared": "3.3.4"
      }
    },
    "@vue/runtime-dom": {
      "version": "3.3.4",
      "resolved": "https://npm.logicspark.com/@vue%2fruntime-dom/-/runtime-dom-3.3.4.tgz",
      "integrity": "sha512-Aj5bTJ3u5sFsUckRghsNjVTtxZQ1OyMWCr5dZRAPijF/0Vy4xEoRCwLyHXcj4D0UFbJ4lbx3gPTgg06K/GnPnQ==",
      "dev": true,
      "requires": {
        "@vue/runtime-core": "3.3.4",
        "@vue/shared": "3.3.4",
        "csstype": "^3.1.1"
      }
    },
    "@vue/server-renderer": {
      "version": "3.3.4",
      "resolved": "https://npm.logicspark.com/@vue%2fserver-renderer/-/server-renderer-3.3.4.tgz",
      "integrity": "sha512-Q6jDDzR23ViIb67v+vM1Dqntu+HUexQcsWKhhQa4ARVzxOY2HbC7QRW/ggkDBd5BU+uM1sV6XOAP0b216o34JQ==",
      "dev": true,
      "requires": {
        "@vue/compiler-ssr": "3.3.4",
        "@vue/shared": "3.3.4"
      }
    },
    "@vue/shared": {
      "version": "3.3.4",
      "resolved": "https://npm.logicspark.com/@vue%2fshared/-/shared-3.3.4.tgz",
      "integrity": "sha512-7OjdcV8vQ74eiz1TZLzZP4JwqM5fA94K6yntPS5Z25r9HDuGNzaGdgvwKYq6S+MxwF0TFRwe50fIR/MYnakdkQ==",
      "dev": true
    },
    "csstype": {
      "version": "3.1.2",
      "resolved": "https://npm.logicspark.com/csstype/-/csstype-3.1.2.tgz",
      "integrity": "sha512-I7K1Uu0MBPzaFKg4nI5Q7Vs2t+3gWWW648spaF+Rg7pI9ds18Ugn+lvg4SHczUdKlHI5LWBXyqfS8+DufyBsgQ==",
      "dev": true
    },
    "esbuild": {
      "version": "0.18.16",
      "resolved": "https://npm.logicspark.com/esbuild/-/esbuild-0.18.16.tgz",
      "integrity": "sha512-1xLsOXrDqwdHxyXb/x/SOyg59jpf/SH7YMvU5RNSU7z3TInaASNJWNFJ6iRvLvLETZMasF3d1DdZLg7sgRimRQ==",
      "dev": true,
      "peer": true,
      "requires": {
        "@esbuild/android-arm": "0.18.16",
        "@esbuild/android-arm64": "0.18.16",
        "@esbuild/android-x64": "0.18.16",
        "@esbuild/darwin-arm64": "0.18.16",
        "@esbuild/darwin-x64": "0.18.16",
        "@esbuild/freebsd-arm64": "0.18.16",
        "@esbuild/freebsd-x64": "0.18.16",
        "@esbuild/linux-arm": "0.18.16",
        "@esbuild/linux-arm64": "0.18.16",
        "@esbuild/linux-ia32": "0.18.16",
        "@esbuild/linux-loong64": "0.18.16",
        "@esbuild/linux-mips64el": "0.18.16",
        "@esbuild/linux-ppc64": "0.18.16",
        "@esbuild/linux-riscv64": "0.18.16",
        "@esbuild/linux-s390x": "0.18.16",
        "@esbuild/linux-x64": "0.18.16",
        "@esbuild/netbsd-x64": "0.18.16",
        "@esbuild/openbsd-x64": "0.18.16",
        "@esbuild/sunos-x64": "0.18.16",
        "@esbuild/win32-arm64": "0.18.16",
        "@esbuild/win32-ia32": "0.18.16",
        "@esbuild/win32-x64": "0.18.16"
      }
    },
    "estree-walker": {
      "version": "2.0.2",
      "resolved": "https://npm.logicspark.com/estree-walker/-/estree-walker-2.0.2.tgz",
      "integrity": "sha512-Rfkk/Mp/DL7JVje3u18FxFujQlTNR2q6QfMSMB7AvCBx91NGj/ba3kCfza0f6dVDbw7YlRf/nDrn7pQrCCyQ/w==",
      "dev": true
    },
    "fsevents": {
      "version": "2.3.2",
      "resolved": "https://npm.logicspark.com/fsevents/-/fsevents-2.3.2.tgz",
      "integrity": "sha512-xiqMQR4xAeHTuB9uWm+fFRcIOgKBMiOBP+eXiyT7jsgVCq1bkVygt00oASowB7EdtpOHaaPgKt812P9ab+DDKA==",
      "dev": true,
      "optional": true,
      "peer": true
    },
    "magic-string": {
      "version": "0.30.1",
      "resolved": "https://npm.logicspark.com/magic-string/-/magic-string-0.30.1.tgz",
      "integrity": "sha512-mbVKXPmS0z0G4XqFDCTllmDQ6coZzn94aMlb0o/A4HEHJCKcanlDZwYJgwnkmgD3jyWhUgj9VsPrfd972yPffA==",
      "dev": true,
      "requires": {
        "@jridgewell/sourcemap-codec": "^1.4.15"
      }
    },
    "nanoid": {
      "version": "3.3.6",
      "resolved": "https://npm.logicspark.com/nanoid/-/nanoid-3.3.6.tgz",
      "integrity": "sha512-BGcqMMJuToF7i1rt+2PWSNVnWIkGCU78jBG3RxO/bZlnZPK2Cmi2QaffxGO/2RvWi9sL+FAiRiXMgsyxQ1DIDA==",
      "dev": true
    },
    "picocolors": {
      "version": "1.0.0",
      "resolved": "https://npm.logicspark.com/picocolors/-/picocolors-1.0.0.tgz",
      "integrity": "sha512-1fygroTLlHu66zi26VoTDv8yRgm0Fccecssto+MhsZ0D/DGW2sm8E8AjW7NU5VVTRt5GxbeZ5qBuJr+HyLYkjQ==",
      "dev": true
    },
    "postcss": {
      "version": "8.4.27",
      "resolved": "https://npm.logicspark.com/postcss/-/postcss-8.4.27.tgz",
      "integrity": "sha512-gY/ACJtJPSmUFPDCHtX78+01fHa64FaU4zaaWfuh1MhGJISufJAH4cun6k/8fwsHYeK4UQmENQK+tRLCFJE8JQ==",
      "dev": true,
      "requires": {
        "nanoid": "^3.3.6",
        "picocolors": "^1.0.0",
        "source-map-js": "^1.0.2"
      }
    },
    "rollup": {
      "version": "3.26.3",
      "resolved": "https://npm.logicspark.com/rollup/-/rollup-3.26.3.tgz",
      "integrity": "sha512-7Tin0C8l86TkpcMtXvQu6saWH93nhG3dGQ1/+l5V2TDMceTxO7kDiK6GzbfLWNNxqJXm591PcEZUozZm51ogwQ==",
      "dev": true,
      "peer": true,
      "requires": {
        "fsevents": "~2.3.2"
      }
    },
    "source-map-js": {
      "version": "1.0.2",
      "resolved": "https://npm.logicspark.com/source-map-js/-/source-map-js-1.0.2.tgz",
      "integrity": "sha512-R0XvVJ9WusLiqTCEiGCmICCMplcCkIwwR11mOSD9CR5u+IXYdiseeEuXCVAjS54zqwkLcPNnmU4OeJ6tUrWhDw==",
      "dev": true
    },
    "vite": {
      "version": "4.4.6",
      "resolved": "https://npm.logicspark.com/vite/-/vite-4.4.6.tgz",
      "integrity": "sha512-EY6Mm8vJ++S3D4tNAckaZfw3JwG3wa794Vt70M6cNJ6NxT87yhq7EC8Rcap3ahyHdo8AhCmV9PTk+vG1HiYn1A==",
      "dev": true,
      "peer": true,
      "requires": {
        "esbuild": "^0.18.10",
        "fsevents": "~2.3.2",
        "postcss": "^8.4.26",
        "rollup": "^3.25.2"
      }
    },
    "vite-plugin-css-injected-by-js": {
      "version": "3.2.1",
      "resolved": "https://npm.logicspark.com/vite-plugin-css-injected-by-js/-/vite-plugin-css-injected-by-js-3.2.1.tgz",
      "integrity": "sha512-8UQWy7tcmgwkaUKYfbj/8GOeAD0RPG2tdetAGg7WikWC8IEtNrovs8RRuLjFqdRqORT1XxchBB5tPl6xO/H95g==",
      "dev": true,
      "requires": {}
    },
    "vitepress-api-document-theme": {
      "version": "0.0.1-rc.14",
      "resolved": "https://npm.logicspark.com/vitepress-api-document-theme/-/vitepress-api-document-theme-0.0.1-rc.14.tgz",
      "integrity": "sha512-ZTgSzBeRZWUSAo9bPfvLYPLkz2NSlWfEFJ95o7hC+lg4q0FXY5OAbVUZUkh8pasuJdXzkwf3X0Fjas2LiFkHog==",
      "dev": true,
      "requires": {
        "vite-plugin-css-injected-by-js": "^3.1.0",
        "vue": "^3.2.47"
      }
    },
    "vue": {
      "version": "3.3.4",
      "resolved": "https://npm.logicspark.com/vue/-/vue-3.3.4.tgz",
      "integrity": "sha512-VTyEYn3yvIeY1Py0WaYGZsXnz3y5UnGi62GjVEqvEGPl6nxbOrCXbVOTQWBEJUqAyTUk2uJ5JLVnYJ6ZzGbrSw==",
      "dev": true,
      "requires": {
        "@vue/compiler-dom": "3.3.4",
        "@vue/compiler-sfc": "3.3.4",
        "@vue/runtime-dom": "3.3.4",
        "@vue/server-renderer": "3.3.4",
        "@vue/shared": "3.3.4"
      }
    }
  }
}
